
Microsoft Visual Studio Solution File, Format Version 12.00
# Visual Studio Version 17
VisualStudioVersion = 17.10.35004.147
MinimumVisualStudioVersion = 10.0.40219.1
Project("{FAE04EC0-301F-11D3-BF4B-00C04F79EFBC}") = "SkyOdyssey", "SkyOdyssey\SkyOdyssey.csproj", "{712E1348-8C28-4A20-B05B-2051C2970176}"
EndProject
Global
	GlobalSection(SolutionConfigurationPlatforms) = preSolution
		Debug|Any CPU = Debug|Any CPU
		Release|Any CPU = Release|Any CPU
	EndGlobalSection
	GlobalSection(ProjectConfigurationPlatforms) = postSolution
		{712E1348-8C28-4A20-B05B-2051C2970176}.Debug|Any CPU.ActiveCfg = Debug|Any CPU
		{712E1348-8C28-4A20-B05B-2051C2970176}.Debug|Any CPU.Build.0 = Debug|Any CPU
		{712E1348-8C28-4A20-B05B-2051C2970176}.Release|Any CPU.ActiveCfg = Release|Any CPU
		{712E1348-8C28-4A20-B05B-2051C2970176}.Release|Any CPU.Build.0 = Release|Any CPU
	EndGlobalSection
	GlobalSection(SolutionProperties) = preSolution
		HideSolutionNode = FALSE
	EndGlobalSection
	GlobalSection(ExtensibilityGlobals) = postSolution
		SolutionGuid = {E2328761-6603-4021-9BFD-CD71E2FA4559}
	EndGlobalSection
EndGlobal
